
Microsoft Visual Studio Solution File, Format Version 12.00
# Visual Studio Version 17
VisualStudioVersion = 17.8.34309.116
MinimumVisualStudioVersion = 10.0.40219.1
Project("{FAE04EC0-301F-11D3-BF4B-00C04F79EFBC}") = "SteqoApp", "SteqoApp\SteqoApp.csproj", "{63CF69D9-01FE-4BC0-93BB-2095B5CEEEAC}"
EndProject
Global
	GlobalSection(SolutionConfigurationPlatforms) = preSolution
		Debug|Any CPU = Debug|Any CPU
		Release|Any CPU = Release|Any CPU
	EndGlobalSection
	GlobalSection(ProjectConfigurationPlatforms) = postSolution
		{63CF69D9-01FE-4BC0-93BB-2095B5CEEEAC}.Debug|Any CPU.ActiveCfg = Debug|Any CPU
		{63CF69D9-01FE-4BC0-93BB-2095B5CEEEAC}.Debug|Any CPU.Build.0 = Debug|Any CPU
		{63CF69D9-01FE-4BC0-93BB-2095B5CEEEAC}.Release|Any CPU.ActiveCfg = Release|Any CPU
		{63CF69D9-01FE-4BC0-93BB-2095B5CEEEAC}.Release|Any CPU.Build.0 = Release|Any CPU
	EndGlobalSection
	GlobalSection(SolutionProperties) = preSolution
		HideSolutionNode = FALSE
	EndGlobalSection
	GlobalSection(ExtensibilityGlobals) = postSolution
		SolutionGuid = {F8D8F4AD-ECA9-4472-95E9-BFE7BC105AC7}
	EndGlobalSection
EndGlobal
